
Microsoft Visual Studio Solution File, Format Version 12.00
# Visual Studio Version 16
VisualStudioVersion = 16.0.33927.289
MinimumVisualStudioVersion = 10.0.40219.1
Project("{2150E333-8FDC-42A3-9474-1A3956D46DE8}") = "Task0", "Task0", "{E0E99B08-60FD-44E1-8D6D-F0002EC09DA8}"
EndProject
Project("{FAE04EC0-301F-11D3-BF4B-00C04F79EFBC}") = "Tyuiu.IbrayevAA.Sprint0.Task0.V0", "Tyuiu.IbrayevAA.Sprint0.Task0.V0\Tyuiu.IbrayevAA.Sprint0.Task0.V0.csproj", "{CAC1CF24-35CE-4B17-81A5-1EFCC92E5442}"
EndProject
Project("{FAE04EC0-301F-11D3-BF4B-00C04F79EFBC}") = "Tyuiu.IbrayevAA.Sprint0.Task1.V0", "Tyuiu.IbrayevAA.Sprint0.Task1.V0\Tyuiu.IbrayevAA.Sprint0.Task1.V0.csproj", "{99246A1E-FB7A-414C-AECC-103E441CCF4B}"
EndProject
Project("{2150E333-8FDC-42A3-9474-1A3956D46DE8}") = "Task1", "Task1", "{151C6FC8-119C-4F18-B39D-42A703506615}"
EndProject
Project("{2150E333-8FDC-42A3-9474-1A3956D46DE8}") = "Task2", "Task2", "{C7BFCB06-5DB5-4F7A-A07D-4F15CF4E4B84}"
EndProject
Project("{FAE04EC0-301F-11D3-BF4B-00C04F79EFBC}") = "Tyuiu.IbrayevAA.Sprint0.Task2.V0", "Tyuiu.IbrayevAA.Sprint0.Task2.V0\Tyuiu.IbrayevAA.Sprint0.Task2.V0.csproj", "{E236BC2A-D139-40BF-9C0B-28A89AE66395}"
EndProject
Project("{FAE04EC0-301F-11D3-BF4B-00C04F79EFBC}") = "Tyuiu.IbrayevAA.Sprint0.Task2.V0.Lib", "Tyuiu.IbrayevAA.Sprint0.Task2.V0.Lib\Tyuiu.IbrayevAA.Sprint0.Task2.V0.Lib.csproj", "{EE18E8D2-74AC-441A-87C8-B001D89D1E12}"
EndProject
Project("{FAE04EC0-301F-11D3-BF4B-00C04F79EFBC}") = "Tyuiu.IbrayevAA.Sprint0.Task2.V0.Test", "Tyuiu.IbrayevAA.Sprint0.Task2.V0.Test\Tyuiu.IbrayevAA.Sprint0.Task2.V0.Test.csproj", "{43283FD0-27C3-49D2-9579-CC1925905562}"
EndProject
Project("{2150E333-8FDC-42A3-9474-1A3956D46DE8}") = "Task3", "Task3", "{D7788348-D2E0-4DB9-9F88-2E35680E2EE0}"
EndProject
Project("{FAE04EC0-301F-11D3-BF4B-00C04F79EFBC}") = "Tyuiu.IbrayevAA.Sprint0.Task3.V0", "Tyuiu.IbrayevAA.Sprint0.Task3.V0\Tyuiu.IbrayevAA.Sprint0.Task3.V0.csproj", "{684682E4-7C02-4B37-B316-0714F95641DC}"
EndProject
Project("{FAE04EC0-301F-11D3-BF4B-00C04F79EFBC}") = "Tyuiu.IbrayevAA.Sprint0.Task3.V0.Lib", "Tyuiu.IbrayevAA.Sprint0.Task3.V0.Lib\Tyuiu.IbrayevAA.Sprint0.Task3.V0.Lib.csproj", "{0806A6D7-BA10-491A-96A5-EB5CC3504B15}"
EndProject
Project("{FAE04EC0-301F-11D3-BF4B-00C04F79EFBC}") = "Tyuiu.IbrayevAA.Sprint0.Task3.V0.Test", "Tyuiu.IbrayevAA.Sprint0.Task3.V0.Test\Tyuiu.IbrayevAA.Sprint0.Task3.V0.Test.csproj", "{F87C51FC-163D-4316-AC8C-B25150F2E977}"
EndProject
Project("{2150E333-8FDC-42A3-9474-1A3956D46DE8}") = "Task4", "Task4", "{AB23DE47-A8CB-4492-816F-ECB8681F0F69}"
EndProject
Project("{FAE04EC0-301F-11D3-BF4B-00C04F79EFBC}") = "Tyuiu.IbrayevAA.Sprint0.Task4.V0", "Tyuiu.IbrayevAA.Sprint0.Task4.V0\Tyuiu.IbrayevAA.Sprint0.Task4.V0.csproj", "{380EC0AA-2351-408A-B260-806015B1C667}"
EndProject
Project("{FAE04EC0-301F-11D3-BF4B-00C04F79EFBC}") = "Tyuiu.IbrayevAA.Sprint0.Task4.V0.Lib", "Tyuiu.IbrayevAA.Sprint0.Task4.V0.Lib\Tyuiu.IbrayevAA.Sprint0.Task4.V0.Lib.csproj", "{54F995FE-40B3-46A4-9429-68BD47790FD1}"
EndProject
Project("{FAE04EC0-301F-11D3-BF4B-00C04F79EFBC}") = "Tyuiu.IbrayevAA.Sprint0.Task4.V0.Test", "Tyuiu.IbrayevAA.Sprint0.Task4.V0.Test\Tyuiu.IbrayevAA.Sprint0.Task4.V0.Test.csproj", "{968B57ED-F70D-4864-AC9C-99893905EBA6}"
EndProject
Global
	GlobalSection(SolutionConfigurationPlatforms) = preSolution
		Debug|Any CPU = Debug|Any CPU
		Release|Any CPU = Release|Any CPU
	EndGlobalSection
	GlobalSection(ProjectConfigurationPlatforms) = postSolution
		{CAC1CF24-35CE-4B17-81A5-1EFCC92E5442}.Debug|Any CPU.ActiveCfg = Debug|Any CPU
		{CAC1CF24-35CE-4B17-81A5-1EFCC92E5442}.Debug|Any CPU.Build.0 = Debug|Any CPU
		{CAC1CF24-35CE-4B17-81A5-1EFCC92E5442}.Release|Any CPU.ActiveCfg = Release|Any CPU
		{CAC1CF24-35CE-4B17-81A5-1EFCC92E5442}.Release|Any CPU.Build.0 = Release|Any CPU
		{99246A1E-FB7A-414C-AECC-103E441CCF4B}.Debug|Any CPU.ActiveCfg = Debug|Any CPU
		{99246A1E-FB7A-414C-AECC-103E441CCF4B}.Debug|Any CPU.Build.0 = Debug|Any CPU
		{99246A1E-FB7A-414C-AECC-103E441CCF4B}.Release|Any CPU.ActiveCfg = Release|Any CPU
		{99246A1E-FB7A-414C-AECC-103E441CCF4B}.Release|Any CPU.Build.0 = Release|Any CPU
		{E236BC2A-D139-40BF-9C0B-28A89AE66395}.Debug|Any CPU.ActiveCfg = Debug|Any CPU
		{E236BC2A-D139-40BF-9C0B-28A89AE66395}.Debug|Any CPU.Build.0 = Debug|Any CPU
		{E236BC2A-D139-40BF-9C0B-28A89AE66395}.Release|Any CPU.ActiveCfg = Release|Any CPU
		{E236BC2A-D139-40BF-9C0B-28A89AE66395}.Release|Any CPU.Build.0 = Release|Any CPU
		{EE18E8D2-74AC-441A-87C8-B001D89D1E12}.Debug|Any CPU.ActiveCfg = Debug|Any CPU
		{EE18E8D2-74AC-441A-87C8-B001D89D1E12}.Debug|Any CPU.Build.0 = Debug|Any CPU
		{EE18E8D2-74AC-441A-87C8-B001D89D1E12}.Release|Any CPU.ActiveCfg = Release|Any CPU
		{EE18E8D2-74AC-441A-87C8-B001D89D1E12}.Release|Any CPU.Build.0 = Release|Any CPU
		{43283FD0-27C3-49D2-9579-CC1925905562}.Debug|Any CPU.ActiveCfg = Debug|Any CPU
		{43283FD0-27C3-49D2-9579-CC1925905562}.Debug|Any CPU.Build.0 = Debug|Any CPU
		{43283FD0-27C3-49D2-9579-CC1925905562}.Release|Any CPU.ActiveCfg = Release|Any CPU
		{43283FD0-27C3-49D2-9579-CC1925905562}.Release|Any CPU.Build.0 = Release|Any CPU
		{684682E4-7C02-4B37-B316-0714F95641DC}.Debug|Any CPU.ActiveCfg = Debug|Any CPU
		{684682E4-7C02-4B37-B316-0714F95641DC}.Debug|Any CPU.Build.0 = Debug|Any CPU
		{684682E4-7C02-4B37-B316-0714F95641DC}.Release|Any CPU.ActiveCfg = Release|Any CPU
		{684682E4-7C02-4B37-B316-0714F95641DC}.Release|Any CPU.Build.0 = Release|Any CPU
		{0806A6D7-BA10-491A-96A5-EB5CC3504B15}.Debug|Any CPU.ActiveCfg = Debug|Any CPU
		{0806A6D7-BA10-491A-96A5-EB5CC3504B15}.Debug|Any CPU.Build.0 = Debug|Any CPU
		{0806A6D7-BA10-491A-96A5-EB5CC3504B15}.Release|Any CPU.ActiveCfg = Release|Any CPU
		{0806A6D7-BA10-491A-96A5-EB5CC3504B15}.Release|Any CPU.Build.0 = Release|Any CPU
		{F87C51FC-163D-4316-AC8C-B25150F2E977}.Debug|Any CPU.ActiveCfg = Debug|Any CPU
		{F87C51FC-163D-4316-AC8C-B25150F2E977}.Debug|Any CPU.Build.0 = Debug|Any CPU
		{F87C51FC-163D-4316-AC8C-B25150F2E977}.Release|Any CPU.ActiveCfg = Release|Any CPU
		{F87C51FC-163D-4316-AC8C-B25150F2E977}.Release|Any CPU.Build.0 = Release|Any CPU
		{380EC0AA-2351-408A-B260-806015B1C667}.Debug|Any CPU.ActiveCfg = Debug|Any CPU
		{380EC0AA-2351-408A-B260-806015B1C667}.Debug|Any CPU.Build.0 = Debug|Any CPU
		{380EC0AA-2351-408A-B260-806015B1C667}.Release|Any CPU.ActiveCfg = Release|Any CPU
		{380EC0AA-2351-408A-B260-806015B1C667}.Release|Any CPU.Build.0 = Release|Any CPU
		{54F995FE-40B3-46A4-9429-68BD47790FD1}.Debug|Any CPU.ActiveCfg = Debug|Any CPU
		{54F995FE-40B3-46A4-9429-68BD47790FD1}.Debug|Any CPU.Build.0 = Debug|Any CPU
		{54F995FE-40B3-46A4-9429-68BD47790FD1}.Release|Any CPU.ActiveCfg = Release|Any CPU
		{54F995FE-40B3-46A4-9429-68BD47790FD1}.Release|Any CPU.Build.0 = Release|Any CPU
		{968B57ED-F70D-4864-AC9C-99893905EBA6}.Debug|Any CPU.ActiveCfg = Debug|Any CPU
		{968B57ED-F70D-4864-AC9C-99893905EBA6}.Debug|Any CPU.Build.0 = Debug|Any CPU
		{968B57ED-F70D-4864-AC9C-99893905EBA6}.Release|Any CPU.ActiveCfg = Release|Any CPU
		{968B57ED-F70D-4864-AC9C-99893905EBA6}.Release|Any CPU.Build.0 = Release|Any CPU
	EndGlobalSection
	GlobalSection(SolutionProperties) = preSolution
		HideSolutionNode = FALSE
	EndGlobalSection
	GlobalSection(NestedProjects) = preSolution
		{CAC1CF24-35CE-4B17-81A5-1EFCC92E5442} = {E0E99B08-60FD-44E1-8D6D-F0002EC09DA8}
		{99246A1E-FB7A-414C-AECC-103E441CCF4B} = {151C6FC8-119C-4F18-B39D-42A703506615}
		{E236BC2A-D139-40BF-9C0B-28A89AE66395} = {C7BFCB06-5DB5-4F7A-A07D-4F15CF4E4B84}
		{EE18E8D2-74AC-441A-87C8-B001D89D1E12} = {C7BFCB06-5DB5-4F7A-A07D-4F15CF4E4B84}
		{43283FD0-27C3-49D2-9579-CC1925905562} = {C7BFCB06-5DB5-4F7A-A07D-4F15CF4E4B84}
		{684682E4-7C02-4B37-B316-0714F95641DC} = {D7788348-D2E0-4DB9-9F88-2E35680E2EE0}
		{0806A6D7-BA10-491A-96A5-EB5CC3504B15} = {D7788348-D2E0-4DB9-9F88-2E35680E2EE0}
		{F87C51FC-163D-4316-AC8C-B25150F2E977} = {D7788348-D2E0-4DB9-9F88-2E35680E2EE0}
		{380EC0AA-2351-408A-B260-806015B1C667} = {AB23DE47-A8CB-4492-816F-ECB8681F0F69}
		{54F995FE-40B3-46A4-9429-68BD47790FD1} = {AB23DE47-A8CB-4492-816F-ECB8681F0F69}
		{968B57ED-F70D-4864-AC9C-99893905EBA6} = {AB23DE47-A8CB-4492-816F-ECB8681F0F69}
	EndGlobalSection
	GlobalSection(ExtensibilityGlobals) = postSolution
		SolutionGuid = {35E76428-EB62-49B9-84DF-783B6EFF0EF0}
	EndGlobalSection
EndGlobal
