
Microsoft Visual Studio Solution File, Format Version 12.00
# Visual Studio Version 16
VisualStudioVersion = 16.0.33927.289
MinimumVisualStudioVersion = 10.0.40219.1
Project("{2150E333-8FDC-42A3-9474-1A3956D46DE8}") = "Task0", "Task0", "{E0E99B08-60FD-44E1-8D6D-F0002EC09DA8}"
EndProject
Project("{FAE04EC0-301F-11D3-BF4B-00C04F79EFBC}") = "Tyuiu.IbrayevAA.Sprint0.Task0.V0", "Tyuiu.IbrayevAA.Sprint0.Task0.V0\Tyuiu.IbrayevAA.Sprint0.Task0.V0.csproj", "{CAC1CF24-35CE-4B17-81A5-1EFCC92E5442}"
EndProject
Project("{FAE04EC0-301F-11D3-BF4B-00C04F79EFBC}") = "Tyuiu.IbrayevAA.Sprint0.Task1.V0", "Tyuiu.IbrayevAA.Sprint0.Task1.V0\Tyuiu.IbrayevAA.Sprint0.Task1.V0.csproj", "{99246A1E-FB7A-414C-AECC-103E441CCF4B}"
EndProject
Project("{2150E333-8FDC-42A3-9474-1A3956D46DE8}") = "Task1", "Task1", "{151C6FC8-119C-4F18-B39D-42A703506615}"
EndProject
Project("{2150E333-8FDC-42A3-9474-1A3956D46DE8}") = "Task2", "Task2", "{C7BFCB06-5DB5-4F7A-A07D-4F15CF4E4B84}"
EndProject
Project("{FAE04EC0-301F-11D3-BF4B-00C04F79EFBC}") = "Tyuiu.IbrayevAA.Sprint0.Task2.V0", "Tyuiu.IbrayevAA.Sprint0.Task2.V0\Tyuiu.IbrayevAA.Sprint0.Task2.V0.csproj", "{E236BC2A-D139-40BF-9C0B-28A89AE66395}"
EndProject
Project("{FAE04EC0-301F-11D3-BF4B-00C04F79EFBC}") = "Tyuiu.IbrayevAA.Sprint0.Task2.V0.Lib", "Tyuiu.IbrayevAA.Sprint0.Task2.V0.Lib\Tyuiu.IbrayevAA.Sprint0.Task2.V0.Lib.csproj", "{EE18E8D2-74AC-441A-87C8-B001D89D1E12}"
EndProject
Project("{FAE04EC0-301F-11D3-BF4B-00C04F79EFBC}") = "Tyuiu.IbrayevAA.Sprint0.Task2.V0.Test", "Tyuiu.IbrayevAA.Sprint0.Task2.V0.Test\Tyuiu.IbrayevAA.Sprint0.Task2.V0.Test.csproj", "{43283FD0-27C3-49D2-9579-CC1925905562}"
EndProject
Project("{2150E333-8FDC-42A3-9474-1A3956D46DE8}") = "Task3", "Task3", "{D7788348-D2E0-4DB9-9F88-2E35680E2EE0}"
EndProject
Project("{FAE04EC0-301F-11D3-BF4B-00C04F79EFBC}") = "Tyuiu.IbrayevAA.Sprint0.Task3.V0", "Tyuiu.IbrayevAA.Sprint0.Task3.V0\Tyuiu.IbrayevAA.Sprint0.Task3.V0.csproj", "{684682E4-7C02-4B37-B316-0714F95641DC}"
EndProject
Project("{FAE04EC0-301F-11D3-BF4B-00C04F79EFBC}") = "Tyuiu.IbrayevAA.Sprint0.Task3.V0.Lib", "Tyuiu.IbrayevAA.Sprint0.Task3.V0.Lib\Tyuiu.IbrayevAA.Sprint0.Task3.V0.Lib.csproj", "{0806A6D7-BA10-491A-96A5-EB5CC3504B15}"
EndProject
Project("{FAE04EC0-301F-11D3-BF4B-00C04F79EFBC}") = "Tyuiu.IbrayevAA.Sprint0.Task3.V0.Test", "Tyuiu.IbrayevAA.Sprint0.Task3.V0.Test\Tyuiu.IbrayevAA.Sprint0.Task3.V0.Test.csproj", "{F87C51FC-163D-4316-AC8C-B25150F2E977}"
EndProject
Project("{2150E333-8FDC-42A3-9474-1A3956D46DE8}") = "Task4", "Task4", "{AB23DE47-A8CB-4492-816F-ECB8681F0F69}"
EndProject
Project("{FAE04EC0-301F-11D3-BF4B-00C04F79EFBC}") = "Tyuiu.IbrayevAA.Sprint0.Task4.V0", "Tyuiu.IbrayevAA.Sprint0.Task4.V0\Tyuiu.IbrayevAA.Sprint0.Task4.V0.csproj", "{380EC0AA-2351-408A-B260-806015B1C667}"
EndProject
Project("{FAE04EC0-301F-11D3-BF4B-00C04F79EFBC}") = "Tyuiu.IbrayevAA.Sprint0.Task4.V0.Lib", "Tyuiu.IbrayevAA.Sprint0.Task4.V0.Lib\Tyuiu.IbrayevAA.Sprint0.Task4.V0.Lib.csproj", "{54F995FE-40B3-46A4-9429-68BD47790FD1}"
EndProject
Project("{FAE04EC0-301F-11D3-BF4B-00C04F79EFBC}") = "Tyuiu.IbrayevAA.Sprint0.Task4.V0.Test", "Tyuiu.IbrayevAA.Sprint0.Task4.V0.Test\Tyuiu.IbrayevAA.Sprint0.Task4.V0.Test.csproj", "{968B57ED-F70D-4864-AC9C-99893905EBA6}"
EndProject
Project("{2150E333-8FDC-42A3-9474-1A3956D46DE8}") = "Task5", "Task5", "{C5827139-9D07-4CE5-A8B6-0363F279746F}"
EndProject
Project("{FAE04EC0-301F-11D3-BF4B-00C04F79EFBC}") = "Tyuiu.IbrayevAA.Sprint0.Task5.V0", "Tyuiu.IbrayevAA.Sprint0.Task5.V0\Tyuiu.IbrayevAA.Sprint0.Task5.V0.csproj", "{C29B1B77-9EC7-42BC-AA5E-0D8BB5F4458F}"
EndProject
Project("{FAE04EC0-301F-11D3-BF4B-00C04F79EFBC}") = "Tyuiu.IbrayevAA.Sprint0.Task5.V0.Lib", "Tyuiu.IbrayevAA.Sprint0.V0.Lib\Tyuiu.IbrayevAA.Sprint0.Task5.V0.Lib.csproj", "{8152A926-5649-44C5-8BA7-B824755D8B71}"
EndProject
Project("{FAE04EC0-301F-11D3-BF4B-00C04F79EFBC}") = "Tyuiu.IbrayevAA.Sprint0.Task5.V0.Test", "Tyuiu.IbrayevAA.Sprint0.V0.Test\Tyuiu.IbrayevAA.Sprint0.Task5.V0.Test.csproj", "{DF27A24E-F91A-4DD5-A13D-32017B6AE707}"
EndProject
Project("{2150E333-8FDC-42A3-9474-1A3956D46DE8}") = "Task6", "Task6", "{0E41054E-4B60-4F89-87E2-9E095250A2D5}"
EndProject
Project("{FAE04EC0-301F-11D3-BF4B-00C04F79EFBC}") = "Tyuiu.IbrayevAA.Sprint0.Task6.V0", "Tyuiu.IbrayevAA.Sprint0.Task6.V0\Tyuiu.IbrayevAA.Sprint0.Task6.V0.csproj", "{93AB25C8-A6B0-4B49-A47C-2438CAA7E792}"
EndProject
Project("{FAE04EC0-301F-11D3-BF4B-00C04F79EFBC}") = "Tyuiu.IbrayevAA.Sprint0.Task6.V0.Lib", "Tyuiu.IbrayevAA.Sprint0.Task6.V0.Lib\Tyuiu.IbrayevAA.Sprint0.Task6.V0.Lib.csproj", "{E77EC56D-625B-4DA2-A642-D467CB2FD834}"
EndProject
Project("{FAE04EC0-301F-11D3-BF4B-00C04F79EFBC}") = "Tyuiu.IbrayevAA.Sprint0.Task6.V0.Test", "Tyuiu.IbrayevAA.Sprint0.Task6.V0.Test\Tyuiu.IbrayevAA.Sprint0.Task6.V0.Test.csproj", "{D3A2615D-B091-4B2E-81A0-C9FB75D306B4}"
EndProject
Project("{2150E333-8FDC-42A3-9474-1A3956D46DE8}") = "Task7", "Task7", "{CC17D9E8-89AE-4FA6-987D-9EE8CE95691E}"
EndProject
Project("{FAE04EC0-301F-11D3-BF4B-00C04F79EFBC}") = "Tyuiu.IbrayevAA.Sprint0.Task7.V0", "Tyuiu.IbrayevAA.Sprint0.Task7.V0\Tyuiu.IbrayevAA.Sprint0.Task7.V0.csproj", "{A9C35EAB-6384-4862-9BCE-156D1C85302C}"
EndProject
Project("{FAE04EC0-301F-11D3-BF4B-00C04F79EFBC}") = "Tyuiu.IbrayevAA.Sprint0.Task7.V0.Lib", "Tyuiu.IbrayevAA.Sprint0.Task7.V0.Lib\Tyuiu.IbrayevAA.Sprint0.Task7.V0.Lib.csproj", "{0EC21C32-478A-415F-9A69-60786CEC4C2B}"
EndProject
Project("{FAE04EC0-301F-11D3-BF4B-00C04F79EFBC}") = "Tyuiu.IbrayevAA.Sprint0.Task7.V0.Test", "Tyuiu.IbrayevAA.Sprint0.Task7.V0.Test\Tyuiu.IbrayevAA.Sprint0.Task7.V0.Test.csproj", "{4F33B533-5ACD-49F5-BE92-BA6B2534225D}"
EndProject
Global
	GlobalSection(SolutionConfigurationPlatforms) = preSolution
		Debug|Any CPU = Debug|Any CPU
		Release|Any CPU = Release|Any CPU
	EndGlobalSection
	GlobalSection(ProjectConfigurationPlatforms) = postSolution
		{CAC1CF24-35CE-4B17-81A5-1EFCC92E5442}.Debug|Any CPU.ActiveCfg = Debug|Any CPU
		{CAC1CF24-35CE-4B17-81A5-1EFCC92E5442}.Debug|Any CPU.Build.0 = Debug|Any CPU
		{CAC1CF24-35CE-4B17-81A5-1EFCC92E5442}.Release|Any CPU.ActiveCfg = Release|Any CPU
		{CAC1CF24-35CE-4B17-81A5-1EFCC92E5442}.Release|Any CPU.Build.0 = Release|Any CPU
		{99246A1E-FB7A-414C-AECC-103E441CCF4B}.Debug|Any CPU.ActiveCfg = Debug|Any CPU
		{99246A1E-FB7A-414C-AECC-103E441CCF4B}.Debug|Any CPU.Build.0 = Debug|Any CPU
		{99246A1E-FB7A-414C-AECC-103E441CCF4B}.Release|Any CPU.ActiveCfg = Release|Any CPU
		{99246A1E-FB7A-414C-AECC-103E441CCF4B}.Release|Any CPU.Build.0 = Release|Any CPU
		{E236BC2A-D139-40BF-9C0B-28A89AE66395}.Debug|Any CPU.ActiveCfg = Debug|Any CPU
		{E236BC2A-D139-40BF-9C0B-28A89AE66395}.Debug|Any CPU.Build.0 = Debug|Any CPU
		{E236BC2A-D139-40BF-9C0B-28A89AE66395}.Release|Any CPU.ActiveCfg = Release|Any CPU
		{E236BC2A-D139-40BF-9C0B-28A89AE66395}.Release|Any CPU.Build.0 = Release|Any CPU
		{EE18E8D2-74AC-441A-87C8-B001D89D1E12}.Debug|Any CPU.ActiveCfg = Debug|Any CPU
		{EE18E8D2-74AC-441A-87C8-B001D89D1E12}.Debug|Any CPU.Build.0 = Debug|Any CPU
		{EE18E8D2-74AC-441A-87C8-B001D89D1E12}.Release|Any CPU.ActiveCfg = Release|Any CPU
		{EE18E8D2-74AC-441A-87C8-B001D89D1E12}.Release|Any CPU.Build.0 = Release|Any CPU
		{43283FD0-27C3-49D2-9579-CC1925905562}.Debug|Any CPU.ActiveCfg = Debug|Any CPU
		{43283FD0-27C3-49D2-9579-CC1925905562}.Debug|Any CPU.Build.0 = Debug|Any CPU
		{43283FD0-27C3-49D2-9579-CC1925905562}.Release|Any CPU.ActiveCfg = Release|Any CPU
		{43283FD0-27C3-49D2-9579-CC1925905562}.Release|Any CPU.Build.0 = Release|Any CPU
		{684682E4-7C02-4B37-B316-0714F95641DC}.Debug|Any CPU.ActiveCfg = Debug|Any CPU
		{684682E4-7C02-4B37-B316-0714F95641DC}.Debug|Any CPU.Build.0 = Debug|Any CPU
		{684682E4-7C02-4B37-B316-0714F95641DC}.Release|Any CPU.ActiveCfg = Release|Any CPU
		{684682E4-7C02-4B37-B316-0714F95641DC}.Release|Any CPU.Build.0 = Release|Any CPU
		{0806A6D7-BA10-491A-96A5-EB5CC3504B15}.Debug|Any CPU.ActiveCfg = Debug|Any CPU
		{0806A6D7-BA10-491A-96A5-EB5CC3504B15}.Debug|Any CPU.Build.0 = Debug|Any CPU
		{0806A6D7-BA10-491A-96A5-EB5CC3504B15}.Release|Any CPU.ActiveCfg = Release|Any CPU
		{0806A6D7-BA10-491A-96A5-EB5CC3504B15}.Release|Any CPU.Build.0 = Release|Any CPU
		{F87C51FC-163D-4316-AC8C-B25150F2E977}.Debug|Any CPU.ActiveCfg = Debug|Any CPU
		{F87C51FC-163D-4316-AC8C-B25150F2E977}.Debug|Any CPU.Build.0 = Debug|Any CPU
		{F87C51FC-163D-4316-AC8C-B25150F2E977}.Release|Any CPU.ActiveCfg = Release|Any CPU
		{F87C51FC-163D-4316-AC8C-B25150F2E977}.Release|Any CPU.Build.0 = Release|Any CPU
		{380EC0AA-2351-408A-B260-806015B1C667}.Debug|Any CPU.ActiveCfg = Debug|Any CPU
		{380EC0AA-2351-408A-B260-806015B1C667}.Debug|Any CPU.Build.0 = Debug|Any CPU
		{380EC0AA-2351-408A-B260-806015B1C667}.Release|Any CPU.ActiveCfg = Release|Any CPU
		{380EC0AA-2351-408A-B260-806015B1C667}.Release|Any CPU.Build.0 = Release|Any CPU
		{54F995FE-40B3-46A4-9429-68BD47790FD1}.Debug|Any CPU.ActiveCfg = Debug|Any CPU
		{54F995FE-40B3-46A4-9429-68BD47790FD1}.Debug|Any CPU.Build.0 = Debug|Any CPU
		{54F995FE-40B3-46A4-9429-68BD47790FD1}.Release|Any CPU.ActiveCfg = Release|Any CPU
		{54F995FE-40B3-46A4-9429-68BD47790FD1}.Release|Any CPU.Build.0 = Release|Any CPU
		{968B57ED-F70D-4864-AC9C-99893905EBA6}.Debug|Any CPU.ActiveCfg = Debug|Any CPU
		{968B57ED-F70D-4864-AC9C-99893905EBA6}.Debug|Any CPU.Build.0 = Debug|Any CPU
		{968B57ED-F70D-4864-AC9C-99893905EBA6}.Release|Any CPU.ActiveCfg = Release|Any CPU
		{968B57ED-F70D-4864-AC9C-99893905EBA6}.Release|Any CPU.Build.0 = Release|Any CPU
		{C29B1B77-9EC7-42BC-AA5E-0D8BB5F4458F}.Debug|Any CPU.ActiveCfg = Debug|Any CPU
		{C29B1B77-9EC7-42BC-AA5E-0D8BB5F4458F}.Debug|Any CPU.Build.0 = Debug|Any CPU
		{C29B1B77-9EC7-42BC-AA5E-0D8BB5F4458F}.Release|Any CPU.ActiveCfg = Release|Any CPU
		{C29B1B77-9EC7-42BC-AA5E-0D8BB5F4458F}.Release|Any CPU.Build.0 = Release|Any CPU
		{8152A926-5649-44C5-8BA7-B824755D8B71}.Debug|Any CPU.ActiveCfg = Debug|Any CPU
		{8152A926-5649-44C5-8BA7-B824755D8B71}.Debug|Any CPU.Build.0 = Debug|Any CPU
		{8152A926-5649-44C5-8BA7-B824755D8B71}.Release|Any CPU.ActiveCfg = Release|Any CPU
		{8152A926-5649-44C5-8BA7-B824755D8B71}.Release|Any CPU.Build.0 = Release|Any CPU
		{DF27A24E-F91A-4DD5-A13D-32017B6AE707}.Debug|Any CPU.ActiveCfg = Debug|Any CPU
		{DF27A24E-F91A-4DD5-A13D-32017B6AE707}.Debug|Any CPU.Build.0 = Debug|Any CPU
		{DF27A24E-F91A-4DD5-A13D-32017B6AE707}.Release|Any CPU.ActiveCfg = Release|Any CPU
		{DF27A24E-F91A-4DD5-A13D-32017B6AE707}.Release|Any CPU.Build.0 = Release|Any CPU
		{93AB25C8-A6B0-4B49-A47C-2438CAA7E792}.Debug|Any CPU.ActiveCfg = Debug|Any CPU
		{93AB25C8-A6B0-4B49-A47C-2438CAA7E792}.Debug|Any CPU.Build.0 = Debug|Any CPU
		{93AB25C8-A6B0-4B49-A47C-2438CAA7E792}.Release|Any CPU.ActiveCfg = Release|Any CPU
		{93AB25C8-A6B0-4B49-A47C-2438CAA7E792}.Release|Any CPU.Build.0 = Release|Any CPU
		{E77EC56D-625B-4DA2-A642-D467CB2FD834}.Debug|Any CPU.ActiveCfg = Debug|Any CPU
		{E77EC56D-625B-4DA2-A642-D467CB2FD834}.Debug|Any CPU.Build.0 = Debug|Any CPU
		{E77EC56D-625B-4DA2-A642-D467CB2FD834}.Release|Any CPU.ActiveCfg = Release|Any CPU
		{E77EC56D-625B-4DA2-A642-D467CB2FD834}.Release|Any CPU.Build.0 = Release|Any CPU
		{D3A2615D-B091-4B2E-81A0-C9FB75D306B4}.Debug|Any CPU.ActiveCfg = Debug|Any CPU
		{D3A2615D-B091-4B2E-81A0-C9FB75D306B4}.Debug|Any CPU.Build.0 = Debug|Any CPU
		{D3A2615D-B091-4B2E-81A0-C9FB75D306B4}.Release|Any CPU.ActiveCfg = Release|Any CPU
		{D3A2615D-B091-4B2E-81A0-C9FB75D306B4}.Release|Any CPU.Build.0 = Release|Any CPU
		{A9C35EAB-6384-4862-9BCE-156D1C85302C}.Debug|Any CPU.ActiveCfg = Debug|Any CPU
		{A9C35EAB-6384-4862-9BCE-156D1C85302C}.Debug|Any CPU.Build.0 = Debug|Any CPU
		{A9C35EAB-6384-4862-9BCE-156D1C85302C}.Release|Any CPU.ActiveCfg = Release|Any CPU
		{A9C35EAB-6384-4862-9BCE-156D1C85302C}.Release|Any CPU.Build.0 = Release|Any CPU
		{0EC21C32-478A-415F-9A69-60786CEC4C2B}.Debug|Any CPU.ActiveCfg = Debug|Any CPU
		{0EC21C32-478A-415F-9A69-60786CEC4C2B}.Debug|Any CPU.Build.0 = Debug|Any CPU
		{0EC21C32-478A-415F-9A69-60786CEC4C2B}.Release|Any CPU.ActiveCfg = Release|Any CPU
		{0EC21C32-478A-415F-9A69-60786CEC4C2B}.Release|Any CPU.Build.0 = Release|Any CPU
		{4F33B533-5ACD-49F5-BE92-BA6B2534225D}.Debug|Any CPU.ActiveCfg = Debug|Any CPU
		{4F33B533-5ACD-49F5-BE92-BA6B2534225D}.Debug|Any CPU.Build.0 = Debug|Any CPU
		{4F33B533-5ACD-49F5-BE92-BA6B2534225D}.Release|Any CPU.ActiveCfg = Release|Any CPU
		{4F33B533-5ACD-49F5-BE92-BA6B2534225D}.Release|Any CPU.Build.0 = Release|Any CPU
	EndGlobalSection
	GlobalSection(SolutionProperties) = preSolution
		HideSolutionNode = FALSE
	EndGlobalSection
	GlobalSection(NestedProjects) = preSolution
		{CAC1CF24-35CE-4B17-81A5-1EFCC92E5442} = {E0E99B08-60FD-44E1-8D6D-F0002EC09DA8}
		{99246A1E-FB7A-414C-AECC-103E441CCF4B} = {151C6FC8-119C-4F18-B39D-42A703506615}
		{E236BC2A-D139-40BF-9C0B-28A89AE66395} = {C7BFCB06-5DB5-4F7A-A07D-4F15CF4E4B84}
		{EE18E8D2-74AC-441A-87C8-B001D89D1E12} = {C7BFCB06-5DB5-4F7A-A07D-4F15CF4E4B84}
		{43283FD0-27C3-49D2-9579-CC1925905562} = {C7BFCB06-5DB5-4F7A-A07D-4F15CF4E4B84}
		{684682E4-7C02-4B37-B316-0714F95641DC} = {D7788348-D2E0-4DB9-9F88-2E35680E2EE0}
		{0806A6D7-BA10-491A-96A5-EB5CC3504B15} = {D7788348-D2E0-4DB9-9F88-2E35680E2EE0}
		{F87C51FC-163D-4316-AC8C-B25150F2E977} = {D7788348-D2E0-4DB9-9F88-2E35680E2EE0}
		{380EC0AA-2351-408A-B260-806015B1C667} = {AB23DE47-A8CB-4492-816F-ECB8681F0F69}
		{54F995FE-40B3-46A4-9429-68BD47790FD1} = {AB23DE47-A8CB-4492-816F-ECB8681F0F69}
		{968B57ED-F70D-4864-AC9C-99893905EBA6} = {AB23DE47-A8CB-4492-816F-ECB8681F0F69}
		{C29B1B77-9EC7-42BC-AA5E-0D8BB5F4458F} = {C5827139-9D07-4CE5-A8B6-0363F279746F}
		{8152A926-5649-44C5-8BA7-B824755D8B71} = {C5827139-9D07-4CE5-A8B6-0363F279746F}
		{DF27A24E-F91A-4DD5-A13D-32017B6AE707} = {C5827139-9D07-4CE5-A8B6-0363F279746F}
		{93AB25C8-A6B0-4B49-A47C-2438CAA7E792} = {0E41054E-4B60-4F89-87E2-9E095250A2D5}
		{E77EC56D-625B-4DA2-A642-D467CB2FD834} = {0E41054E-4B60-4F89-87E2-9E095250A2D5}
		{D3A2615D-B091-4B2E-81A0-C9FB75D306B4} = {0E41054E-4B60-4F89-87E2-9E095250A2D5}
		{A9C35EAB-6384-4862-9BCE-156D1C85302C} = {CC17D9E8-89AE-4FA6-987D-9EE8CE95691E}
		{0EC21C32-478A-415F-9A69-60786CEC4C2B} = {CC17D9E8-89AE-4FA6-987D-9EE8CE95691E}
		{4F33B533-5ACD-49F5-BE92-BA6B2534225D} = {CC17D9E8-89AE-4FA6-987D-9EE8CE95691E}
	EndGlobalSection
	GlobalSection(ExtensibilityGlobals) = postSolution
		SolutionGuid = {35E76428-EB62-49B9-84DF-783B6EFF0EF0}
	EndGlobalSection
EndGlobal
